{
  "name": "acorn-cube",
  "version": "0.0.1",
  "lockfileVersion": 1,
  "requires": true,
  "dependencies": {
    "acorn": {
      "version": "8.0.4",
      "resolved": "https://registry.npm.taobao.org/acorn/download/acorn-8.0.4.tgz",
      "integrity": "sha1-ejrkGRRmpphO7g/jQHpPOqnbg1Q="
    }
  }
}
